
Microsoft Visual Studio Solution File, Format Version 12.00
# Visual Studio Version 17
VisualStudioVersion = 17.6.33626.354
MinimumVisualStudioVersion = 10.0.40219.1
Project("{FAE04EC0-301F-11D3-BF4B-00C04F79EFBC}") = "SpiderChan", "SpiderChan\SpiderChan.csproj", "{1602A38D-B342-4E69-A51D-27EF998A401D}"
EndProject
Project("{FAE04EC0-301F-11D3-BF4B-00C04F79EFBC}") = "DataAccess", "DataAccess\DataAccess.csproj", "{4F598E96-18AB-4842-93ED-7530E04C7DC9}"
EndProject
Project("{FAE04EC0-301F-11D3-BF4B-00C04F79EFBC}") = "Models", "Models\Models.csproj", "{73428921-679A-438A-8A1B-4E6040601462}"
EndProject
Project("{FAE04EC0-301F-11D3-BF4B-00C04F79EFBC}") = "Services", "Services\Services.csproj", "{08542545-76CF-481D-9EE2-D63EF091EC59}"
EndProject
Global
	GlobalSection(SolutionConfigurationPlatforms) = preSolution
		Debug|Any CPU = Debug|Any CPU
		Release|Any CPU = Release|Any CPU
	EndGlobalSection
	GlobalSection(ProjectConfigurationPlatforms) = postSolution
		{1602A38D-B342-4E69-A51D-27EF998A401D}.Debug|Any CPU.ActiveCfg = Debug|Any CPU
		{1602A38D-B342-4E69-A51D-27EF998A401D}.Debug|Any CPU.Build.0 = Debug|Any CPU
		{1602A38D-B342-4E69-A51D-27EF998A401D}.Release|Any CPU.ActiveCfg = Release|Any CPU
		{1602A38D-B342-4E69-A51D-27EF998A401D}.Release|Any CPU.Build.0 = Release|Any CPU
		{4F598E96-18AB-4842-93ED-7530E04C7DC9}.Debug|Any CPU.ActiveCfg = Debug|Any CPU
		{4F598E96-18AB-4842-93ED-7530E04C7DC9}.Debug|Any CPU.Build.0 = Debug|Any CPU
		{4F598E96-18AB-4842-93ED-7530E04C7DC9}.Release|Any CPU.ActiveCfg = Release|Any CPU
		{4F598E96-18AB-4842-93ED-7530E04C7DC9}.Release|Any CPU.Build.0 = Release|Any CPU
		{73428921-679A-438A-8A1B-4E6040601462}.Debug|Any CPU.ActiveCfg = Debug|Any CPU
		{73428921-679A-438A-8A1B-4E6040601462}.Debug|Any CPU.Build.0 = Debug|Any CPU
		{73428921-679A-438A-8A1B-4E6040601462}.Release|Any CPU.ActiveCfg = Release|Any CPU
		{73428921-679A-438A-8A1B-4E6040601462}.Release|Any CPU.Build.0 = Release|Any CPU
		{08542545-76CF-481D-9EE2-D63EF091EC59}.Debug|Any CPU.ActiveCfg = Debug|Any CPU
		{08542545-76CF-481D-9EE2-D63EF091EC59}.Debug|Any CPU.Build.0 = Debug|Any CPU
		{08542545-76CF-481D-9EE2-D63EF091EC59}.Release|Any CPU.ActiveCfg = Release|Any CPU
		{08542545-76CF-481D-9EE2-D63EF091EC59}.Release|Any CPU.Build.0 = Release|Any CPU
	EndGlobalSection
	GlobalSection(SolutionProperties) = preSolution
		HideSolutionNode = FALSE
	EndGlobalSection
	GlobalSection(ExtensibilityGlobals) = postSolution
		SolutionGuid = {B68B07D0-0CFC-4838-922B-0CD28B58208A}
	EndGlobalSection
EndGlobal
